
Microsoft Visual Studio Solution File, Format Version 12.00
# Visual Studio Version 16
VisualStudioVersion = 16.0.810.6
MinimumVisualStudioVersion = 10.0.40219.1
Project("{FAE04EC0-301F-11D3-BF4B-00C04F79EFBC}") = "Exercise26", "Exercise26\Exercise26.csproj", "{C3BACBD3-BE1A-49D6-A9DF-2A357C711B99}"
EndProject
Global
	GlobalSection(SolutionConfigurationPlatforms) = preSolution
		Debug|Any CPU = Debug|Any CPU
		Release|Any CPU = Release|Any CPU
	EndGlobalSection
	GlobalSection(ProjectConfigurationPlatforms) = postSolution
		{C3BACBD3-BE1A-49D6-A9DF-2A357C711B99}.Debug|Any CPU.ActiveCfg = Debug|Any CPU
		{C3BACBD3-BE1A-49D6-A9DF-2A357C711B99}.Debug|Any CPU.Build.0 = Debug|Any CPU
		{C3BACBD3-BE1A-49D6-A9DF-2A357C711B99}.Release|Any CPU.ActiveCfg = Release|Any CPU
		{C3BACBD3-BE1A-49D6-A9DF-2A357C711B99}.Release|Any CPU.Build.0 = Release|Any CPU
	EndGlobalSection
	GlobalSection(SolutionProperties) = preSolution
		HideSolutionNode = FALSE
	EndGlobalSection
	GlobalSection(ExtensibilityGlobals) = postSolution
		SolutionGuid = {410E8171-E27E-4925-8D32-29133C6A673E}
	EndGlobalSection
EndGlobal
